// !$*UTF8*$!
{
	archiveVersion = 1;
	classes = {
	};
	objectVersion = 50;
	objects = {

/* Begin PBXBuildFile section */
		A229E262237EC0760097510B /* AppDelegate.swift in Sources */ = {isa = PBXBuildFile; fileRef = A229E261237EC0760097510B /* AppDelegate.swift */; };
		A229E266237EC0770097510B /* Assets.xcassets in Resources */ = {isa = PBXBuildFile; fileRef = A229E265237EC0770097510B /* Assets.xcassets */; };
		A229E269237EC0770097510B /* Main.storyboard in Resources */ = {isa = PBXBuildFile; fileRef = A229E267237EC0770097510B /* Main.storyboard */; };
		A229E27A237EC0BF0097510B /* NSEventModifierFlags+HotKey.swift in Sources */ = {isa = PBXBuildFile; fileRef = A229E274237EC0BF0097510B /* NSEventModifierFlags+HotKey.swift */; };
		A229E27B237EC0BF0097510B /* KeyCombo.swift in Sources */ = {isa = PBXBuildFile; fileRef = A229E275237EC0BF0097510B /* KeyCombo.swift */; };
		A229E27C237EC0BF0097510B /* Key.swift in Sources */ = {isa = PBXBuildFile; fileRef = A229E276237EC0BF0097510B /* Key.swift */; };
		A229E27D237EC0BF0097510B /* HotKeysController.swift in Sources */ = {isa = PBXBuildFile; fileRef = A229E277237EC0BF0097510B /* HotKeysController.swift */; };
		A229E27E237EC0BF0097510B /* KeyCombo+System.swift in Sources */ = {isa = PBXBuildFile; fileRef = A229E278237EC0BF0097510B /* KeyCombo+System.swift */; };
		A229E27F237EC0BF0097510B /* HotKey.swift in Sources */ = {isa = PBXBuildFile; fileRef = A229E279237EC0BF0097510B /* HotKey.swift */; };
		A229E281237EC0C80097510B /* snip.swift in Sources */ = {isa = PBXBuildFile; fileRef = A229E280237EC0C80097510B /* snip.swift */; };
		A229E283237EC0F10097510B /* Assets.xcassets in Resources */ = {isa = PBXBuildFile; fileRef = A229E282237EC0F10097510B /* Assets.xcassets */; };
		A229E285237EC1B60097510B /* logger.swift in Sources */ = {isa = PBXBuildFile; fileRef = A229E284237EC1B50097510B /* logger.swift */; };
/* End PBXBuildFile section */

/* Begin PBXFileReference section */
		A229E25E237EC0760097510B /* Snapshot.app */ = {isa = PBXFileReference; explicitFileType = wrapper.application; includeInIndex = 0; path = Snapshot.app; sourceTree = BUILT_PRODUCTS_DIR; };
		A229E261237EC0760097510B /* AppDelegate.swift */ = {isa = PBXFileReference; lastKnownFileType = sourcecode.swift; path = AppDelegate.swift; sourceTree = "<group>"; };
		A229E265237EC0770097510B /* Assets.xcassets */ = {isa = PBXFileReference; lastKnownFileType = folder.assetcatalog; path = Assets.xcassets; sourceTree = "<group>"; };
		A229E268237EC0770097510B /* Base */ = {isa = PBXFileReference; lastKnownFileType = file.storyboard; name = Base; path = Base.lproj/Main.storyboard; sourceTree = "<group>"; };
		A229E26A237EC0770097510B /* Info.plist */ = {isa = PBXFileReference; lastKnownFileType = text.plist.xml; path = Info.plist; sourceTree = "<group>"; };
		A229E26B237EC0770097510B /* Snapshot.entitlements */ = {isa = PBXFileReference; lastKnownFileType = text.plist.entitlements; path = Snapshot.entitlements; sourceTree = "<group>"; };
		A229E274237EC0BF0097510B /* NSEventModifierFlags+HotKey.swift */ = {isa = PBXFileReference; fileEncoding = 4; lastKnownFileType = sourcecode.swift; path = "NSEventModifierFlags+HotKey.swift"; sourceTree = "<group>"; };
		A229E275237EC0BF0097510B /* KeyCombo.swift */ = {isa = PBXFileReference; fileEncoding = 4; lastKnownFileType = sourcecode.swift; path = KeyCombo.swift; sourceTree = "<group>"; };
		A229E276237EC0BF0097510B /* Key.swift */ = {isa = PBXFileReference; fileEncoding = 4; lastKnownFileType = sourcecode.swift; path = Key.swift; sourceTree = "<group>"; };
		A229E277237EC0BF0097510B /* HotKeysController.swift */ = {isa = PBXFileReference; fileEncoding = 4; lastKnownFileType = sourcecode.swift; path = HotKeysController.swift; sourceTree = "<group>"; };
		A229E278237EC0BF0097510B /* KeyCombo+System.swift */ = {isa = PBXFileReference; fileEncoding = 4; lastKnownFileType = sourcecode.swift; path = "KeyCombo+System.swift"; sourceTree = "<group>"; };
		A229E279237EC0BF0097510B /* HotKey.swift */ = {isa = PBXFileReference; fileEncoding = 4; lastKnownFileType = sourcecode.swift; path = HotKey.swift; sourceTree = "<group>"; };
		A229E280237EC0C80097510B /* snip.swift */ = {isa = PBXFileReference; fileEncoding = 4; lastKnownFileType = sourcecode.swift; path = snip.swift; sourceTree = "<group>"; };
		A229E282237EC0F10097510B /* Assets.xcassets */ = {isa = PBXFileReference; lastKnownFileType = folder.assetcatalog; name = Assets.xcassets; path = ../../MacApps/MyMacApp/MyMacApp/Assets.xcassets; sourceTree = "<group>"; };
		A229E284237EC1B50097510B /* logger.swift */ = {isa = PBXFileReference; fileEncoding = 4; lastKnownFileType = sourcecode.swift; path = logger.swift; sourceTree = "<group>"; };
/* End PBXFileReference section */

/* Begin PBXFrameworksBuildPhase section */
		A229E25B237EC0760097510B /* Frameworks */ = {
			isa = PBXFrameworksBuildPhase;
			buildActionMask = 2147483647;
			files = (
			);
			runOnlyForDeploymentPostprocessing = 0;
		};
/* End PBXFrameworksBuildPhase section */

/* Begin PBXGroup section */
		A229E255237EC0760097510B = {
			isa = PBXGroup;
			children = (
				A229E260237EC0760097510B /* Snapshot */,
				A229E25F237EC0760097510B /* Products */,
			);
			sourceTree = "<group>";
		};
		A229E25F237EC0760097510B /* Products */ = {
			isa = PBXGroup;
			children = (
				A229E25E237EC0760097510B /* Snapshot.app */,
			);
			name = Products;
			sourceTree = "<group>";
		};
		A229E260237EC0760097510B /* Snapshot */ = {
			isa = PBXGroup;
			children = (
				A229E271237EC08E0097510B /* core */,
				A229E261237EC0760097510B /* AppDelegate.swift */,
				A229E265237EC0770097510B /* Assets.xcassets */,
				A229E267237EC0770097510B /* Main.storyboard */,
				A229E26A237EC0770097510B /* Info.plist */,
				A229E282237EC0F10097510B /* Assets.xcassets */,
				A229E26B237EC0770097510B /* Snapshot.entitlements */,
			);
			path = Snapshot;
			sourceTree = "<group>";
		};
		A229E271237EC08E0097510B /* core */ = {
			isa = PBXGroup;
			children = (
				A229E272237EC0A70097510B /* ext */,
			);
			path = core;
			sourceTree = "<group>";
		};
		A229E272237EC0A70097510B /* ext */ = {
			isa = PBXGroup;
			children = (
				A229E280237EC0C80097510B /* snip.swift */,
				A229E284237EC1B50097510B /* logger.swift */,
				A229E273237EC0BF0097510B /* hot-key */,
			);
			path = ext;
			sourceTree = "<group>";
		};
		A229E273237EC0BF0097510B /* hot-key */ = {
			isa = PBXGroup;
			children = (
				A229E274237EC0BF0097510B /* NSEventModifierFlags+HotKey.swift */,
				A229E275237EC0BF0097510B /* KeyCombo.swift */,
				A229E276237EC0BF0097510B /* Key.swift */,
				A229E277237EC0BF0097510B /* HotKeysController.swift */,
				A229E278237EC0BF0097510B /* KeyCombo+System.swift */,
				A229E279237EC0BF0097510B /* HotKey.swift */,
			);
			path = "hot-key";
			sourceTree = "<group>";
		};
/* End PBXGroup section */

/* Begin PBXNativeTarget section */
		A229E25D237EC0760097510B /* Snapshot */ = {
			isa = PBXNativeTarget;
			buildConfigurationList = A229E26E237EC0770097510B /* Build configuration list for PBXNativeTarget "Snapshot" */;
			buildPhases = (
				A229E25A237EC0760097510B /* Sources */,
				A229E25B237EC0760097510B /* Frameworks */,
				A229E25C237EC0760097510B /* Resources */,
			);
			buildRules = (
			);
			dependencies = (
			);
			name = Snapshot;
			productName = Snapshot;
			productReference = A229E25E237EC0760097510B /* Snapshot.app */;
			productType = "com.apple.product-type.application";
		};
/* End PBXNativeTarget section */

/* Begin PBXProject section */
		A229E256237EC0760097510B /* Project object */ = {
			isa = PBXProject;
			attributes = {
				LastSwiftUpdateCheck = 1120;
				LastUpgradeCheck = 1120;
				ORGANIZATIONNAME = Yunhao;
				TargetAttributes = {
					A229E25D237EC0760097510B = {
						CreatedOnToolsVersion = 11.2.1;
					};
				};
			};
			buildConfigurationList = A229E259237EC0760097510B /* Build configuration list for PBXProject "Snapshot" */;
			compatibilityVersion = "Xcode 9.3";
			developmentRegion = en;
			hasScannedForEncodings = 0;
			knownRegions = (
				en,
				Base,
			);
			mainGroup = A229E255237EC0760097510B;
			productRefGroup = A229E25F237EC0760097510B /* Products */;
			projectDirPath = "";
			projectRoot = "";
			targets = (
				A229E25D237EC0760097510B /* Snapshot */,
			);
		};
/* End PBXProject section */

/* Begin PBXResourcesBuildPhase section */
		A229E25C237EC0760097510B /* Resources */ = {
			isa = PBXResourcesBuildPhase;
			buildActionMask = 2147483647;
			files = (
				A229E266237EC0770097510B /* Assets.xcassets in Resources */,
				A229E283237EC0F10097510B /* Assets.xcassets in Resources */,
				A229E269237EC0770097510B /* Main.storyboard in Resources */,
			);
			runOnlyForDeploymentPostprocessing = 0;
		};
/* End PBXResourcesBuildPhase section */

/* Begin PBXSourcesBuildPhase section */
		A229E25A237EC0760097510B /* Sources */ = {
			isa = PBXSourcesBuildPhase;
			buildActionMask = 2147483647;
			files = (
				A229E27D237EC0BF0097510B /* HotKeysController.swift in Sources */,
				A229E27E237EC0BF0097510B /* KeyCombo+System.swift in Sources */,
				A229E27A237EC0BF0097510B /* NSEventModifierFlags+HotKey.swift in Sources */,
				A229E27C237EC0BF0097510B /* Key.swift in Sources */,
				A229E27B237EC0BF0097510B /* KeyCombo.swift in Sources */,
				A229E262237EC0760097510B /* AppDelegate.swift in Sources */,
				A229E27F237EC0BF0097510B /* HotKey.swift in Sources */,
				A229E281237EC0C80097510B /* snip.swift in Sources */,
				A229E285237EC1B60097510B /* logger.swift in Sources */,
			);
			runOnlyForDeploymentPostprocessing = 0;
		};
/* End PBXSourcesBuildPhase section */

/* Begin PBXVariantGroup section */
		A229E267237EC0770097510B /* Main.storyboard */ = {
			isa = PBXVariantGroup;
			children = (
				A229E268237EC0770097510B /* Base */,
			);
			name = Main.storyboard;
			sourceTree = "<group>";
		};
/* End PBXVariantGroup section */

/* Begin XCBuildConfiguration section */
		A229E26C237EC0770097510B /* Debug */ = {
			isa = XCBuildConfiguration;
			buildSettings = {
				ALWAYS_SEARCH_USER_PATHS = NO;
				CLANG_ANALYZER_NONNULL = YES;
				CLANG_ANALYZER_NUMBER_OBJECT_CONVERSION = YES_AGGRESSIVE;
				CLANG_CXX_LANGUAGE_STANDARD = "gnu++14";
				CLANG_CXX_LIBRARY = "libc++";
				CLANG_ENABLE_MODULES = YES;
				CLANG_ENABLE_OBJC_ARC = YES;
				CLANG_ENABLE_OBJC_WEAK = YES;
				CLANG_WARN_BLOCK_CAPTURE_AUTORELEASING = YES;
				CLANG_WARN_BOOL_CONVERSION = YES;
				CLANG_WARN_COMMA = YES;
				CLANG_WARN_CONSTANT_CONVERSION = YES;
				CLANG_WARN_DEPRECATED_OBJC_IMPLEMENTATIONS = YES;
				CLANG_WARN_DIRECT_OBJC_ISA_USAGE = YES_ERROR;
				CLANG_WARN_DOCUMENTATION_COMMENTS = YES;
				CLANG_WARN_EMPTY_BODY = YES;
				CLANG_WARN_ENUM_CONVERSION = YES;
				CLANG_WARN_INFINITE_RECURSION = YES;
				CLANG_WARN_INT_CONVERSION = YES;
				CLANG_WARN_NON_LITERAL_NULL_CONVERSION = YES;
				CLANG_WARN_OBJC_IMPLICIT_RETAIN_SELF = YES;
				CLANG_WARN_OBJC_LITERAL_CONVERSION = YES;
				CLANG_WARN_OBJC_ROOT_CLASS = YES_ERROR;
				CLANG_WARN_RANGE_LOOP_ANALYSIS = YES;
				CLANG_WARN_STRICT_PROTOTYPES = YES;
				CLANG_WARN_SUSPICIOUS_MOVE = YES;
				CLANG_WARN_UNGUARDED_AVAILABILITY = YES_AGGRESSIVE;
				CLANG_WARN_UNREACHABLE_CODE = YES;
				CLANG_WARN__DUPLICATE_METHOD_MATCH = YES;
				COPY_PHASE_STRIP = NO;
				DEBUG_INFORMATION_FORMAT = dwarf;
				ENABLE_STRICT_OBJC_MSGSEND = YES;
				ENABLE_TESTABILITY = YES;
				GCC_C_LANGUAGE_STANDARD = gnu11;
				GCC_DYNAMIC_NO_PIC = NO;
				GCC_NO_COMMON_BLOCKS = YES;
				GCC_OPTIMIZATION_LEVEL = 0;
				GCC_PREPROCESSOR_DEFINITIONS = (
					"DEBUG=1",
					"$(inherited)",
				);
				GCC_WARN_64_TO_32_BIT_CONVERSION = YES;
				GCC_WARN_ABOUT_RETURN_TYPE = YES_ERROR;
				GCC_WARN_UNDECLARED_SELECTOR = YES;
				GCC_WARN_UNINITIALIZED_AUTOS = YES_AGGRESSIVE;
				GCC_WARN_UNUSED_FUNCTION = YES;
				GCC_WARN_UNUSED_VARIABLE = YES;
				MACOSX_DEPLOYMENT_TARGET = 10.14;
				MTL_ENABLE_DEBUG_INFO = INCLUDE_SOURCE;
				MTL_FAST_MATH = YES;
				ONLY_ACTIVE_ARCH = YES;
				SDKROOT = macosx;
				SWIFT_ACTIVE_COMPILATION_CONDITIONS = DEBUG;
				SWIFT_OPTIMIZATION_LEVEL = "-Onone";
			};
			name = Debug;
		};
		A229E26D237EC0770097510B /* Release */ = {
			isa = XCBuildConfiguration;
			buildSettings = {
				ALWAYS_SEARCH_USER_PATHS = NO;
				CLANG_ANALYZER_NONNULL = YES;
				CLANG_ANALYZER_NUMBER_OBJECT_CONVERSION = YES_AGGRESSIVE;
				CLANG_CXX_LANGUAGE_STANDARD = "gnu++14";
				CLANG_CXX_LIBRARY = "libc++";
				CLANG_ENABLE_MODULES = YES;
				CLANG_ENABLE_OBJC_ARC = YES;
				CLANG_ENABLE_OBJC_WEAK = YES;
				CLANG_WARN_BLOCK_CAPTURE_AUTORELEASING = YES;
				CLANG_WARN_BOOL_CONVERSION = YES;
				CLANG_WARN_COMMA = YES;
				CLANG_WARN_CONSTANT_CONVERSION = YES;
				CLANG_WARN_DEPRECATED_OBJC_IMPLEMENTATIONS = YES;
				CLANG_WARN_DIRECT_OBJC_ISA_USAGE = YES_ERROR;
				CLANG_WARN_DOCUMENTATION_COMMENTS = YES;
				CLANG_WARN_EMPTY_BODY = YES;
				CLANG_WARN_ENUM_CONVERSION = YES;
				CLANG_WARN_INFINITE_RECURSION = YES;
				CLANG_WARN_INT_CONVERSION = YES;
				CLANG_WARN_NON_LITERAL_NULL_CONVERSION = YES;
				CLANG_WARN_OBJC_IMPLICIT_RETAIN_SELF = YES;
				CLANG_WARN_OBJC_LITERAL_CONVERSION = YES;
				CLANG_WARN_OBJC_ROOT_CLASS = YES_ERROR;
				CLANG_WARN_RANGE_LOOP_ANALYSIS = YES;
				CLANG_WARN_STRICT_PROTOTYPES = YES;
				CLANG_WARN_SUSPICIOUS_MOVE = YES;
				CLANG_WARN_UNGUARDED_AVAILABILITY = YES_AGGRESSIVE;
				CLANG_WARN_UNREACHABLE_CODE = YES;
				CLANG_WARN__DUPLICATE_METHOD_MATCH = YES;
				COPY_PHASE_STRIP = NO;
				DEBUG_INFORMATION_FORMAT = "dwarf-with-dsym";
				ENABLE_NS_ASSERTIONS = NO;
				ENABLE_STRICT_OBJC_MSGSEND = YES;
				GCC_C_LANGUAGE_STANDARD = gnu11;
				GCC_NO_COMMON_BLOCKS = YES;
				GCC_WARN_64_TO_32_BIT_CONVERSION = YES;
				GCC_WARN_ABOUT_RETURN_TYPE = YES_ERROR;
				GCC_WARN_UNDECLARED_SELECTOR = YES;
				GCC_WARN_UNINITIALIZED_AUTOS = YES_AGGRESSIVE;
				GCC_WARN_UNUSED_FUNCTION = YES;
				GCC_WARN_UNUSED_VARIABLE = YES;
				MACOSX_DEPLOYMENT_TARGET = 10.14;
				MTL_ENABLE_DEBUG_INFO = NO;
				MTL_FAST_MATH = YES;
				SDKROOT = macosx;
				SWIFT_COMPILATION_MODE = wholemodule;
				SWIFT_OPTIMIZATION_LEVEL = "-O";
			};
			name = Release;
		};
		A229E26F237EC0770097510B /* Debug */ = {
			isa = XCBuildConfiguration;
			buildSettings = {
				ASSETCATALOG_COMPILER_APPICON_NAME = AppIcon;
				CODE_SIGN_ENTITLEMENTS = Snapshot/Snapshot.entitlements;
				CODE_SIGN_STYLE = Automatic;
				COMBINE_HIDPI_IMAGES = YES;
				DEVELOPMENT_TEAM = LMJK2Q96M9;
				ENABLE_HARDENED_RUNTIME = NO;
				INFOPLIST_FILE = Snapshot/Info.plist;
				LD_RUNPATH_SEARCH_PATHS = (
					"$(inherited)",
					"@executable_path/../Frameworks",
				);
				PRODUCT_BUNDLE_IDENTIFIER = com.yunhao.Snapshot;
				PRODUCT_NAME = "$(TARGET_NAME)";
				SWIFT_VERSION = 5.0;
			};
			name = Debug;
		};
		A229E270237EC0770097510B /* Release */ = {
			isa = XCBuildConfiguration;
			buildSettings = {
				ASSETCATALOG_COMPILER_APPICON_NAME = AppIcon;
				CODE_SIGN_ENTITLEMENTS = Snapshot/Snapshot.entitlements;
				CODE_SIGN_STYLE = Automatic;
				COMBINE_HIDPI_IMAGES = YES;
				DEVELOPMENT_TEAM = LMJK2Q96M9;
				ENABLE_HARDENED_RUNTIME = NO;
				INFOPLIST_FILE = Snapshot/Info.plist;
				LD_RUNPATH_SEARCH_PATHS = (
					"$(inherited)",
					"@executable_path/../Frameworks",
				);
				PRODUCT_BUNDLE_IDENTIFIER = com.yunhao.Snapshot;
				PRODUCT_NAME = "$(TARGET_NAME)";
				SWIFT_VERSION = 5.0;
			};
			name = Release;
		};
/* End XCBuildConfiguration section */

/* Begin XCConfigurationList section */
		A229E259237EC0760097510B /* Build configuration list for PBXProject "Snapshot" */ = {
			isa = XCConfigurationList;
			buildConfigurations = (
				A229E26C237EC0770097510B /* Debug */,
				A229E26D237EC0770097510B /* Release */,
			);
			defaultConfigurationIsVisible = 0;
			defaultConfigurationName = Release;
		};
		A229E26E237EC0770097510B /* Build configuration list for PBXNativeTarget "Snapshot" */ = {
			isa = XCConfigurationList;
			buildConfigurations = (
				A229E26F237EC0770097510B /* Debug */,
				A229E270237EC0770097510B /* Release */,
			);
			defaultConfigurationIsVisible = 0;
			defaultConfigurationName = Release;
		};
/* End XCConfigurationList section */
	};
	rootObject = A229E256237EC0760097510B /* Project object */;
}
